{
  "name": "@hakansundstrom/get-dup-number",
  "version": "1.0.0",
  "lockfileVersion": 1,
  "requires": true,
  "dependencies": {
    "colors-cli": {
      "version": "1.0.28",
      "resolved": "https://registry.npmjs.org/colors-cli/-/colors-cli-1.0.28.tgz",
      "integrity": "sha512-2XE8s1mB3Jr5rvirk/fFzhWY2m9S2dpZ0mWz3Yl/mzMM8hDVBawL0Rsal5hR1gJP4lgqhQfFfEmaGZpUZgEKrA=="
    }
  }
}
